
Microsoft Visual Studio Solution File, Format Version 12.00
# Visual Studio 15
VisualStudioVersion = 15.0.27703.2042
MinimumVisualStudioVersion = 10.0.40219.1
Project("{FAE04EC0-301F-11D3-BF4B-00C04F79EFBC}") = "MyJson", "MyJson\MyJson.csproj", "{E41F318A-4CCB-4C28-A3A3-A851B20A7457}"
EndProject
Project("{FAE04EC0-301F-11D3-BF4B-00C04F79EFBC}") = "FileIO", "FileIO\FileIO.csproj", "{6C5BB700-90E6-4314-888A-0BCCE51B239E}"
EndProject
Project("{FAE04EC0-301F-11D3-BF4B-00C04F79EFBC}") = "XmlProj", "XmlProj\XmlProj.csproj", "{A08C7992-760E-48F6-A36A-7B2AAE6775F4}"
EndProject
Global
	GlobalSection(SolutionConfigurationPlatforms) = preSolution
		Debug|Any CPU = Debug|Any CPU
		Release|Any CPU = Release|Any CPU
	EndGlobalSection
	GlobalSection(ProjectConfigurationPlatforms) = postSolution
		{E41F318A-4CCB-4C28-A3A3-A851B20A7457}.Debug|Any CPU.ActiveCfg = Debug|Any CPU
		{E41F318A-4CCB-4C28-A3A3-A851B20A7457}.Debug|Any CPU.Build.0 = Debug|Any CPU
		{E41F318A-4CCB-4C28-A3A3-A851B20A7457}.Release|Any CPU.ActiveCfg = Release|Any CPU
		{E41F318A-4CCB-4C28-A3A3-A851B20A7457}.Release|Any CPU.Build.0 = Release|Any CPU
		{6C5BB700-90E6-4314-888A-0BCCE51B239E}.Debug|Any CPU.ActiveCfg = Debug|Any CPU
		{6C5BB700-90E6-4314-888A-0BCCE51B239E}.Debug|Any CPU.Build.0 = Debug|Any CPU
		{6C5BB700-90E6-4314-888A-0BCCE51B239E}.Release|Any CPU.ActiveCfg = Release|Any CPU
		{6C5BB700-90E6-4314-888A-0BCCE51B239E}.Release|Any CPU.Build.0 = Release|Any CPU
		{A08C7992-760E-48F6-A36A-7B2AAE6775F4}.Debug|Any CPU.ActiveCfg = Debug|Any CPU
		{A08C7992-760E-48F6-A36A-7B2AAE6775F4}.Debug|Any CPU.Build.0 = Debug|Any CPU
		{A08C7992-760E-48F6-A36A-7B2AAE6775F4}.Release|Any CPU.ActiveCfg = Release|Any CPU
		{A08C7992-760E-48F6-A36A-7B2AAE6775F4}.Release|Any CPU.Build.0 = Release|Any CPU
	EndGlobalSection
	GlobalSection(SolutionProperties) = preSolution
		HideSolutionNode = FALSE
	EndGlobalSection
	GlobalSection(ExtensibilityGlobals) = postSolution
		SolutionGuid = {C09F3780-F87A-4065-8185-340A06EF3F1D}
	EndGlobalSection
EndGlobal
